
Microsoft Visual Studio Solution File, Format Version 12.00
# Visual Studio Version 16
VisualStudioVersion = 16.0.30907.101
MinimumVisualStudioVersion = 10.0.40219.1
Project("{FAE04EC0-301F-11D3-BF4B-00C04F79EFBC}") = "PartyInvites", "PartyInvites\PartyInvites.csproj", "{72ECA47E-048A-4333-8411-05307728FCD3}"
EndProject
Global
	GlobalSection(SolutionConfigurationPlatforms) = preSolution
		Debug|Any CPU = Debug|Any CPU
		Release|Any CPU = Release|Any CPU
	EndGlobalSection
	GlobalSection(ProjectConfigurationPlatforms) = postSolution
		{72ECA47E-048A-4333-8411-05307728FCD3}.Debug|Any CPU.ActiveCfg = Debug|Any CPU
		{72ECA47E-048A-4333-8411-05307728FCD3}.Debug|Any CPU.Build.0 = Debug|Any CPU
		{72ECA47E-048A-4333-8411-05307728FCD3}.Release|Any CPU.ActiveCfg = Release|Any CPU
		{72ECA47E-048A-4333-8411-05307728FCD3}.Release|Any CPU.Build.0 = Release|Any CPU
	EndGlobalSection
	GlobalSection(SolutionProperties) = preSolution
		HideSolutionNode = FALSE
	EndGlobalSection
	GlobalSection(ExtensibilityGlobals) = postSolution
		SolutionGuid = {57D5CD72-87C6-4F0F-B447-2FA3BD234D13}
	EndGlobalSection
EndGlobal
